
Microsoft Visual Studio Solution File, Format Version 12.00
# Visual Studio Version 17
VisualStudioVersion = 17.7.34221.43
MinimumVisualStudioVersion = 10.0.40219.1
Project("{FAE04EC0-301F-11D3-BF4B-00C04F79EFBC}") = "COFFESHOP", "COFFESHOP\COFFESHOP.csproj", "{D18A3008-048F-47D2-86A5-65A4CDFE73AA}"
EndProject
Global
	GlobalSection(SolutionConfigurationPlatforms) = preSolution
		Debug|Any CPU = Debug|Any CPU
		Release|Any CPU = Release|Any CPU
	EndGlobalSection
	GlobalSection(ProjectConfigurationPlatforms) = postSolution
		{D18A3008-048F-47D2-86A5-65A4CDFE73AA}.Debug|Any CPU.ActiveCfg = Debug|Any CPU
		{D18A3008-048F-47D2-86A5-65A4CDFE73AA}.Debug|Any CPU.Build.0 = Debug|Any CPU
		{D18A3008-048F-47D2-86A5-65A4CDFE73AA}.Release|Any CPU.ActiveCfg = Release|Any CPU
		{D18A3008-048F-47D2-86A5-65A4CDFE73AA}.Release|Any CPU.Build.0 = Release|Any CPU
	EndGlobalSection
	GlobalSection(SolutionProperties) = preSolution
		HideSolutionNode = FALSE
	EndGlobalSection
	GlobalSection(ExtensibilityGlobals) = postSolution
		SolutionGuid = {47358F9B-C281-489A-A6D8-2202F413EB78}
	EndGlobalSection
EndGlobal
